// !$*UTF8*$!
{
	archiveVersion = 1;
	classes = {
	};
	objectVersion = 56;
	objects = {

/* Begin PBXBuildFile section */
		548BB2FD29A0B31A00899AD6 /* MathExpression in Frameworks */ = {isa = PBXBuildFile; productRef = 548BB2FC29A0B31A00899AD6 /* MathExpression */; };
		548BB2FF29A0B33A00899AD6 /* Calculator.swift in Sources */ = {isa = PBXBuildFile; fileRef = 548BB2FE29A0B33A00899AD6 /* Calculator.swift */; };
		548EE178299F3DB70029A3EB /* SwiftyScienceApp.swift in Sources */ = {isa = PBXBuildFile; fileRef = 548EE177299F3DB70029A3EB /* SwiftyScienceApp.swift */; };
		548EE17A299F3DB70029A3EB /* ContentView.swift in Sources */ = {isa = PBXBuildFile; fileRef = 548EE179299F3DB70029A3EB /* ContentView.swift */; };
		548EE17C299F3DB80029A3EB /* Assets.xcassets in Resources */ = {isa = PBXBuildFile; fileRef = 548EE17B299F3DB80029A3EB /* Assets.xcassets */; };
		548EE17F299F3DB80029A3EB /* Preview Assets.xcassets in Resources */ = {isa = PBXBuildFile; fileRef = 548EE17E299F3DB80029A3EB /* Preview Assets.xcassets */; };
		548EE186299F3DD90029A3EB /* Gyroscope.swift in Sources */ = {isa = PBXBuildFile; fileRef = 548EE185299F3DD90029A3EB /* Gyroscope.swift */; };
		548EE188299F490B0029A3EB /* Magnetometer.swift in Sources */ = {isa = PBXBuildFile; fileRef = 548EE187299F490B0029A3EB /* Magnetometer.swift */; };
		548EE18A299F49190029A3EB /* Accelerometer.swift in Sources */ = {isa = PBXBuildFile; fileRef = 548EE189299F49190029A3EB /* Accelerometer.swift */; };
		548EE18E299F49AC0029A3EB /* IMU.swift in Sources */ = {isa = PBXBuildFile; fileRef = 548EE18D299F49AC0029A3EB /* IMU.swift */; };
		548EE191299F4CED0029A3EB /* Barometer.swift in Sources */ = {isa = PBXBuildFile; fileRef = 548EE190299F4CED0029A3EB /* Barometer.swift */; };
		548EE196299F54BB0029A3EB /* BubbleLevel.swift in Sources */ = {isa = PBXBuildFile; fileRef = 548EE195299F54BB0029A3EB /* BubbleLevel.swift */; };
		548EE198299F54CE0029A3EB /* MotionDetector.swift in Sources */ = {isa = PBXBuildFile; fileRef = 548EE197299F54CE0029A3EB /* MotionDetector.swift */; };
		548EE19A299F54F40029A3EB /* LevelView.swift in Sources */ = {isa = PBXBuildFile; fileRef = 548EE199299F54F40029A3EB /* LevelView.swift */; };
		548EE19C299F55040029A3EB /* OrientationDataView.swift in Sources */ = {isa = PBXBuildFile; fileRef = 548EE19B299F55040029A3EB /* OrientationDataView.swift */; };
		548EE19E299F55270029A3EB /* Ext - Double.swift in Sources */ = {isa = PBXBuildFile; fileRef = 548EE19D299F55270029A3EB /* Ext - Double.swift */; };
		548EE1A3299F57BC0029A3EB /* CalculatorView.swift in Sources */ = {isa = PBXBuildFile; fileRef = 548EE1A2299F57BC0029A3EB /* CalculatorView.swift */; };
		548EE1A5299F63840029A3EB /* ShiftableButton.swift in Sources */ = {isa = PBXBuildFile; fileRef = 548EE1A4299F63840029A3EB /* ShiftableButton.swift */; };
		54FEFC9329A1BBFE0079E46E /* Timer.swift in Sources */ = {isa = PBXBuildFile; fileRef = 54FEFC9229A1BBFE0079E46E /* Timer.swift */; };
		54FEFC9529A1BC190079E46E /* Stopwatch.swift in Sources */ = {isa = PBXBuildFile; fileRef = 54FEFC9429A1BC190079E46E /* Stopwatch.swift */; };
		54FEFC9729A1BC430079E46E /* Clock.swift in Sources */ = {isa = PBXBuildFile; fileRef = 54FEFC9629A1BC430079E46E /* Clock.swift */; };
/* End PBXBuildFile section */

/* Begin PBXFileReference section */
		548BB2FE29A0B33A00899AD6 /* Calculator.swift */ = {isa = PBXFileReference; lastKnownFileType = sourcecode.swift; path = Calculator.swift; sourceTree = "<group>"; };
		548EE174299F3DB70029A3EB /* SwiftyScience.app */ = {isa = PBXFileReference; explicitFileType = wrapper.application; includeInIndex = 0; path = SwiftyScience.app; sourceTree = BUILT_PRODUCTS_DIR; };
		548EE177299F3DB70029A3EB /* SwiftyScienceApp.swift */ = {isa = PBXFileReference; lastKnownFileType = sourcecode.swift; path = SwiftyScienceApp.swift; sourceTree = "<group>"; };
		548EE179299F3DB70029A3EB /* ContentView.swift */ = {isa = PBXFileReference; lastKnownFileType = sourcecode.swift; path = ContentView.swift; sourceTree = "<group>"; };
		548EE17B299F3DB80029A3EB /* Assets.xcassets */ = {isa = PBXFileReference; lastKnownFileType = folder.assetcatalog; path = Assets.xcassets; sourceTree = "<group>"; };
		548EE17E299F3DB80029A3EB /* Preview Assets.xcassets */ = {isa = PBXFileReference; lastKnownFileType = folder.assetcatalog; path = "Preview Assets.xcassets"; sourceTree = "<group>"; };
		548EE185299F3DD90029A3EB /* Gyroscope.swift */ = {isa = PBXFileReference; lastKnownFileType = sourcecode.swift; path = Gyroscope.swift; sourceTree = "<group>"; };
		548EE187299F490B0029A3EB /* Magnetometer.swift */ = {isa = PBXFileReference; lastKnownFileType = sourcecode.swift; path = Magnetometer.swift; sourceTree = "<group>"; };
		548EE189299F49190029A3EB /* Accelerometer.swift */ = {isa = PBXFileReference; lastKnownFileType = sourcecode.swift; path = Accelerometer.swift; sourceTree = "<group>"; };
		548EE18D299F49AC0029A3EB /* IMU.swift */ = {isa = PBXFileReference; lastKnownFileType = sourcecode.swift; path = IMU.swift; sourceTree = "<group>"; };
		548EE190299F4CED0029A3EB /* Barometer.swift */ = {isa = PBXFileReference; lastKnownFileType = sourcecode.swift; path = Barometer.swift; sourceTree = "<group>"; };
		548EE195299F54BB0029A3EB /* BubbleLevel.swift */ = {isa = PBXFileReference; lastKnownFileType = sourcecode.swift; path = BubbleLevel.swift; sourceTree = "<group>"; };
		548EE197299F54CE0029A3EB /* MotionDetector.swift */ = {isa = PBXFileReference; lastKnownFileType = sourcecode.swift; path = MotionDetector.swift; sourceTree = "<group>"; };
		548EE199299F54F40029A3EB /* LevelView.swift */ = {isa = PBXFileReference; lastKnownFileType = sourcecode.swift; path = LevelView.swift; sourceTree = "<group>"; };
		548EE19B299F55040029A3EB /* OrientationDataView.swift */ = {isa = PBXFileReference; lastKnownFileType = sourcecode.swift; path = OrientationDataView.swift; sourceTree = "<group>"; };
		548EE19D299F55270029A3EB /* Ext - Double.swift */ = {isa = PBXFileReference; lastKnownFileType = sourcecode.swift; path = "Ext - Double.swift"; sourceTree = "<group>"; };
		548EE1A2299F57BC0029A3EB /* CalculatorView.swift */ = {isa = PBXFileReference; lastKnownFileType = sourcecode.swift; path = CalculatorView.swift; sourceTree = "<group>"; };
		548EE1A4299F63840029A3EB /* ShiftableButton.swift */ = {isa = PBXFileReference; lastKnownFileType = sourcecode.swift; path = ShiftableButton.swift; sourceTree = "<group>"; };
		54FEFC9229A1BBFE0079E46E /* Timer.swift */ = {isa = PBXFileReference; lastKnownFileType = sourcecode.swift; path = Timer.swift; sourceTree = "<group>"; };
		54FEFC9429A1BC190079E46E /* Stopwatch.swift */ = {isa = PBXFileReference; lastKnownFileType = sourcecode.swift; path = Stopwatch.swift; sourceTree = "<group>"; };
		54FEFC9629A1BC430079E46E /* Clock.swift */ = {isa = PBXFileReference; lastKnownFileType = sourcecode.swift; path = Clock.swift; sourceTree = "<group>"; };
/* End PBXFileReference section */

/* Begin PBXFrameworksBuildPhase section */
		548EE171299F3DB70029A3EB /* Frameworks */ = {
			isa = PBXFrameworksBuildPhase;
			buildActionMask = 2147483647;
			files = (
				548BB2FD29A0B31A00899AD6 /* MathExpression in Frameworks */,
			);
			runOnlyForDeploymentPostprocessing = 0;
		};
/* End PBXFrameworksBuildPhase section */

/* Begin PBXGroup section */
		548EE16B299F3DB70029A3EB = {
			isa = PBXGroup;
			children = (
				548EE176299F3DB70029A3EB /* SwiftyScience */,
				548EE175299F3DB70029A3EB /* Products */,
			);
			sourceTree = "<group>";
		};
		548EE175299F3DB70029A3EB /* Products */ = {
			isa = PBXGroup;
			children = (
				548EE174299F3DB70029A3EB /* SwiftyScience.app */,
			);
			name = Products;
			sourceTree = "<group>";
		};
		548EE176299F3DB70029A3EB /* SwiftyScience */ = {
			isa = PBXGroup;
			children = (
				54FEFC9129A1BBEB0079E46E /* Clock */,
				548EE19F299F57950029A3EB /* Calculator */,
				548EE177299F3DB70029A3EB /* SwiftyScienceApp.swift */,
				548EE18F299F49C60029A3EB /* IMU */,
				548EE179299F3DB70029A3EB /* ContentView.swift */,
				548EE190299F4CED0029A3EB /* Barometer.swift */,
				548EE17B299F3DB80029A3EB /* Assets.xcassets */,
				548EE17D299F3DB80029A3EB /* Preview Content */,
			);
			path = SwiftyScience;
			sourceTree = "<group>";
		};
		548EE17D299F3DB80029A3EB /* Preview Content */ = {
			isa = PBXGroup;
			children = (
				548EE17E299F3DB80029A3EB /* Preview Assets.xcassets */,
			);
			path = "Preview Content";
			sourceTree = "<group>";
		};
		548EE18F299F49C60029A3EB /* IMU */ = {
			isa = PBXGroup;
			children = (
				548EE194299F53A60029A3EB /* Bubble Level */,
				548EE18D299F49AC0029A3EB /* IMU.swift */,
				548EE187299F490B0029A3EB /* Magnetometer.swift */,
				548EE189299F49190029A3EB /* Accelerometer.swift */,
				548EE185299F3DD90029A3EB /* Gyroscope.swift */,
			);
			path = IMU;
			sourceTree = "<group>";
		};
		548EE194299F53A60029A3EB /* Bubble Level */ = {
			isa = PBXGroup;
			children = (
				548EE195299F54BB0029A3EB /* BubbleLevel.swift */,
				548EE199299F54F40029A3EB /* LevelView.swift */,
				548EE19B299F55040029A3EB /* OrientationDataView.swift */,
				548EE19D299F55270029A3EB /* Ext - Double.swift */,
				548EE197299F54CE0029A3EB /* MotionDetector.swift */,
			);
			path = "Bubble Level";
			sourceTree = "<group>";
		};
		548EE19F299F57950029A3EB /* Calculator */ = {
			isa = PBXGroup;
			children = (
				548EE1A2299F57BC0029A3EB /* CalculatorView.swift */,
				548BB2FE29A0B33A00899AD6 /* Calculator.swift */,
				548EE1A4299F63840029A3EB /* ShiftableButton.swift */,
			);
			path = Calculator;
			sourceTree = "<group>";
		};
		54FEFC9129A1BBEB0079E46E /* Clock */ = {
			isa = PBXGroup;
			children = (
				54FEFC9229A1BBFE0079E46E /* Timer.swift */,
				54FEFC9429A1BC190079E46E /* Stopwatch.swift */,
				54FEFC9629A1BC430079E46E /* Clock.swift */,
			);
			path = Clock;
			sourceTree = "<group>";
		};
/* End PBXGroup section */

/* Begin PBXNativeTarget section */
		548EE173299F3DB70029A3EB /* SwiftyScience */ = {
			isa = PBXNativeTarget;
			buildConfigurationList = 548EE182299F3DB80029A3EB /* Build configuration list for PBXNativeTarget "SwiftyScience" */;
			buildPhases = (
				548EE170299F3DB70029A3EB /* Sources */,
				548EE171299F3DB70029A3EB /* Frameworks */,
				548EE172299F3DB70029A3EB /* Resources */,
			);
			buildRules = (
			);
			dependencies = (
			);
			name = SwiftyScience;
			packageProductDependencies = (
				548BB2FC29A0B31A00899AD6 /* MathExpression */,
			);
			productName = SwiftyScience;
			productReference = 548EE174299F3DB70029A3EB /* SwiftyScience.app */;
			productType = "com.apple.product-type.application";
		};
/* End PBXNativeTarget section */

/* Begin PBXProject section */
		548EE16C299F3DB70029A3EB /* Project object */ = {
			isa = PBXProject;
			attributes = {
				BuildIndependentTargetsInParallel = 1;
				LastSwiftUpdateCheck = 1420;
				LastUpgradeCheck = 1420;
				TargetAttributes = {
					548EE173299F3DB70029A3EB = {
						CreatedOnToolsVersion = 14.2;
					};
				};
			};
			buildConfigurationList = 548EE16F299F3DB70029A3EB /* Build configuration list for PBXProject "SwiftyScience" */;
			compatibilityVersion = "Xcode 14.0";
			developmentRegion = en;
			hasScannedForEncodings = 0;
			knownRegions = (
				en,
				Base,
			);
			mainGroup = 548EE16B299F3DB70029A3EB;
			packageReferences = (
				548BB2FB29A0B31A00899AD6 /* XCRemoteSwiftPackageReference "MathExpression" */,
			);
			productRefGroup = 548EE175299F3DB70029A3EB /* Products */;
			projectDirPath = "";
			projectRoot = "";
			targets = (
				548EE173299F3DB70029A3EB /* SwiftyScience */,
			);
		};
/* End PBXProject section */

/* Begin PBXResourcesBuildPhase section */
		548EE172299F3DB70029A3EB /* Resources */ = {
			isa = PBXResourcesBuildPhase;
			buildActionMask = 2147483647;
			files = (
				548EE17F299F3DB80029A3EB /* Preview Assets.xcassets in Resources */,
				548EE17C299F3DB80029A3EB /* Assets.xcassets in Resources */,
			);
			runOnlyForDeploymentPostprocessing = 0;
		};
/* End PBXResourcesBuildPhase section */

/* Begin PBXSourcesBuildPhase section */
		548EE170299F3DB70029A3EB /* Sources */ = {
			isa = PBXSourcesBuildPhase;
			buildActionMask = 2147483647;
			files = (
				548EE196299F54BB0029A3EB /* BubbleLevel.swift in Sources */,
				548EE186299F3DD90029A3EB /* Gyroscope.swift in Sources */,
				548EE198299F54CE0029A3EB /* MotionDetector.swift in Sources */,
				548EE18E299F49AC0029A3EB /* IMU.swift in Sources */,
				548EE188299F490B0029A3EB /* Magnetometer.swift in Sources */,
				54FEFC9529A1BC190079E46E /* Stopwatch.swift in Sources */,
				548EE19C299F55040029A3EB /* OrientationDataView.swift in Sources */,
				548EE1A5299F63840029A3EB /* ShiftableButton.swift in Sources */,
				54FEFC9329A1BBFE0079E46E /* Timer.swift in Sources */,
				548EE18A299F49190029A3EB /* Accelerometer.swift in Sources */,
				548BB2FF29A0B33A00899AD6 /* Calculator.swift in Sources */,
				548EE17A299F3DB70029A3EB /* ContentView.swift in Sources */,
				54FEFC9729A1BC430079E46E /* Clock.swift in Sources */,
				548EE191299F4CED0029A3EB /* Barometer.swift in Sources */,
				548EE178299F3DB70029A3EB /* SwiftyScienceApp.swift in Sources */,
				548EE1A3299F57BC0029A3EB /* CalculatorView.swift in Sources */,
				548EE19E299F55270029A3EB /* Ext - Double.swift in Sources */,
				548EE19A299F54F40029A3EB /* LevelView.swift in Sources */,
			);
			runOnlyForDeploymentPostprocessing = 0;
		};
/* End PBXSourcesBuildPhase section */

/* Begin XCBuildConfiguration section */
		548EE180299F3DB80029A3EB /* Debug */ = {
			isa = XCBuildConfiguration;
			buildSettings = {
				ALWAYS_SEARCH_USER_PATHS = NO;
				CLANG_ANALYZER_NONNULL = YES;
				CLANG_ANALYZER_NUMBER_OBJECT_CONVERSION = YES_AGGRESSIVE;
				CLANG_CXX_LANGUAGE_STANDARD = "gnu++20";
				CLANG_ENABLE_MODULES = YES;
				CLANG_ENABLE_OBJC_ARC = YES;
				CLANG_ENABLE_OBJC_WEAK = YES;
				CLANG_WARN_BLOCK_CAPTURE_AUTORELEASING = YES;
				CLANG_WARN_BOOL_CONVERSION = YES;
				CLANG_WARN_COMMA = YES;
				CLANG_WARN_CONSTANT_CONVERSION = YES;
				CLANG_WARN_DEPRECATED_OBJC_IMPLEMENTATIONS = YES;
				CLANG_WARN_DIRECT_OBJC_ISA_USAGE = YES_ERROR;
				CLANG_WARN_DOCUMENTATION_COMMENTS = YES;
				CLANG_WARN_EMPTY_BODY = YES;
				CLANG_WARN_ENUM_CONVERSION = YES;
				CLANG_WARN_INFINITE_RECURSION = YES;
				CLANG_WARN_INT_CONVERSION = YES;
				CLANG_WARN_NON_LITERAL_NULL_CONVERSION = YES;
				CLANG_WARN_OBJC_IMPLICIT_RETAIN_SELF = YES;
				CLANG_WARN_OBJC_LITERAL_CONVERSION = YES;
				CLANG_WARN_OBJC_ROOT_CLASS = YES_ERROR;
				CLANG_WARN_QUOTED_INCLUDE_IN_FRAMEWORK_HEADER = YES;
				CLANG_WARN_RANGE_LOOP_ANALYSIS = YES;
				CLANG_WARN_STRICT_PROTOTYPES = YES;
				CLANG_WARN_SUSPICIOUS_MOVE = YES;
				CLANG_WARN_UNGUARDED_AVAILABILITY = YES_AGGRESSIVE;
				CLANG_WARN_UNREACHABLE_CODE = YES;
				CLANG_WARN__DUPLICATE_METHOD_MATCH = YES;
				COPY_PHASE_STRIP = NO;
				DEBUG_INFORMATION_FORMAT = dwarf;
				ENABLE_STRICT_OBJC_MSGSEND = YES;
				ENABLE_TESTABILITY = YES;
				GCC_C_LANGUAGE_STANDARD = gnu11;
				GCC_DYNAMIC_NO_PIC = NO;
				GCC_NO_COMMON_BLOCKS = YES;
				GCC_OPTIMIZATION_LEVEL = 0;
				GCC_PREPROCESSOR_DEFINITIONS = (
					"DEBUG=1",
					"$(inherited)",
				);
				GCC_WARN_64_TO_32_BIT_CONVERSION = YES;
				GCC_WARN_ABOUT_RETURN_TYPE = YES_ERROR;
				GCC_WARN_UNDECLARED_SELECTOR = YES;
				GCC_WARN_UNINITIALIZED_AUTOS = YES_AGGRESSIVE;
				GCC_WARN_UNUSED_FUNCTION = YES;
				GCC_WARN_UNUSED_VARIABLE = YES;
				IPHONEOS_DEPLOYMENT_TARGET = 16.2;
				MTL_ENABLE_DEBUG_INFO = INCLUDE_SOURCE;
				MTL_FAST_MATH = YES;
				ONLY_ACTIVE_ARCH = YES;
				SDKROOT = iphoneos;
				SWIFT_ACTIVE_COMPILATION_CONDITIONS = DEBUG;
				SWIFT_OPTIMIZATION_LEVEL = "-Onone";
			};
			name = Debug;
		};
		548EE181299F3DB80029A3EB /* Release */ = {
			isa = XCBuildConfiguration;
			buildSettings = {
				ALWAYS_SEARCH_USER_PATHS = NO;
				CLANG_ANALYZER_NONNULL = YES;
				CLANG_ANALYZER_NUMBER_OBJECT_CONVERSION = YES_AGGRESSIVE;
				CLANG_CXX_LANGUAGE_STANDARD = "gnu++20";
				CLANG_ENABLE_MODULES = YES;
				CLANG_ENABLE_OBJC_ARC = YES;
				CLANG_ENABLE_OBJC_WEAK = YES;
				CLANG_WARN_BLOCK_CAPTURE_AUTORELEASING = YES;
				CLANG_WARN_BOOL_CONVERSION = YES;
				CLANG_WARN_COMMA = YES;
				CLANG_WARN_CONSTANT_CONVERSION = YES;
				CLANG_WARN_DEPRECATED_OBJC_IMPLEMENTATIONS = YES;
				CLANG_WARN_DIRECT_OBJC_ISA_USAGE = YES_ERROR;
				CLANG_WARN_DOCUMENTATION_COMMENTS = YES;
				CLANG_WARN_EMPTY_BODY = YES;
				CLANG_WARN_ENUM_CONVERSION = YES;
				CLANG_WARN_INFINITE_RECURSION = YES;
				CLANG_WARN_INT_CONVERSION = YES;
				CLANG_WARN_NON_LITERAL_NULL_CONVERSION = YES;
				CLANG_WARN_OBJC_IMPLICIT_RETAIN_SELF = YES;
				CLANG_WARN_OBJC_LITERAL_CONVERSION = YES;
				CLANG_WARN_OBJC_ROOT_CLASS = YES_ERROR;
				CLANG_WARN_QUOTED_INCLUDE_IN_FRAMEWORK_HEADER = YES;
				CLANG_WARN_RANGE_LOOP_ANALYSIS = YES;
				CLANG_WARN_STRICT_PROTOTYPES = YES;
				CLANG_WARN_SUSPICIOUS_MOVE = YES;
				CLANG_WARN_UNGUARDED_AVAILABILITY = YES_AGGRESSIVE;
				CLANG_WARN_UNREACHABLE_CODE = YES;
				CLANG_WARN__DUPLICATE_METHOD_MATCH = YES;
				COPY_PHASE_STRIP = NO;
				DEBUG_INFORMATION_FORMAT = "dwarf-with-dsym";
				ENABLE_NS_ASSERTIONS = NO;
				ENABLE_STRICT_OBJC_MSGSEND = YES;
				GCC_C_LANGUAGE_STANDARD = gnu11;
				GCC_NO_COMMON_BLOCKS = YES;
				GCC_WARN_64_TO_32_BIT_CONVERSION = YES;
				GCC_WARN_ABOUT_RETURN_TYPE = YES_ERROR;
				GCC_WARN_UNDECLARED_SELECTOR = YES;
				GCC_WARN_UNINITIALIZED_AUTOS = YES_AGGRESSIVE;
				GCC_WARN_UNUSED_FUNCTION = YES;
				GCC_WARN_UNUSED_VARIABLE = YES;
				IPHONEOS_DEPLOYMENT_TARGET = 16.2;
				MTL_ENABLE_DEBUG_INFO = NO;
				MTL_FAST_MATH = YES;
				SDKROOT = iphoneos;
				SWIFT_COMPILATION_MODE = wholemodule;
				SWIFT_OPTIMIZATION_LEVEL = "-O";
				VALIDATE_PRODUCT = YES;
			};
			name = Release;
		};
		548EE183299F3DB80029A3EB /* Debug */ = {
			isa = XCBuildConfiguration;
			buildSettings = {
				ASSETCATALOG_COMPILER_APPICON_NAME = AppIcon;
				ASSETCATALOG_COMPILER_GLOBAL_ACCENT_COLOR_NAME = AccentColor;
				CODE_SIGN_STYLE = Automatic;
				CURRENT_PROJECT_VERSION = 1;
				DEVELOPMENT_ASSET_PATHS = "\"SwiftyScience/Preview Content\"";
				DEVELOPMENT_TEAM = BRJ8Q7JWBR;
				ENABLE_PREVIEWS = YES;
				GENERATE_INFOPLIST_FILE = YES;
				INFOPLIST_KEY_UIApplicationSceneManifest_Generation = YES;
				INFOPLIST_KEY_UIApplicationSupportsIndirectInputEvents = YES;
				INFOPLIST_KEY_UILaunchScreen_Generation = YES;
				INFOPLIST_KEY_UISupportedInterfaceOrientations_iPad = "UIInterfaceOrientationPortrait UIInterfaceOrientationPortraitUpsideDown UIInterfaceOrientationLandscapeLeft UIInterfaceOrientationLandscapeRight";
				INFOPLIST_KEY_UISupportedInterfaceOrientations_iPhone = "UIInterfaceOrientationPortrait UIInterfaceOrientationLandscapeLeft UIInterfaceOrientationLandscapeRight";
				LD_RUNPATH_SEARCH_PATHS = (
					"$(inherited)",
					"@executable_path/Frameworks",
				);
				MARKETING_VERSION = 1.0;
				PRODUCT_BUNDLE_IDENTIFIER = com.ocean.SwiftyScience;
				PRODUCT_NAME = "$(TARGET_NAME)";
				SWIFT_EMIT_LOC_STRINGS = YES;
				SWIFT_VERSION = 5.0;
				TARGETED_DEVICE_FAMILY = "1,2";
			};
			name = Debug;
		};
		548EE184299F3DB80029A3EB /* Release */ = {
			isa = XCBuildConfiguration;
			buildSettings = {
				ASSETCATALOG_COMPILER_APPICON_NAME = AppIcon;
				ASSETCATALOG_COMPILER_GLOBAL_ACCENT_COLOR_NAME = AccentColor;
				CODE_SIGN_STYLE = Automatic;
				CURRENT_PROJECT_VERSION = 1;
				DEVELOPMENT_ASSET_PATHS = "\"SwiftyScience/Preview Content\"";
				DEVELOPMENT_TEAM = BRJ8Q7JWBR;
				ENABLE_PREVIEWS = YES;
				GENERATE_INFOPLIST_FILE = YES;
				INFOPLIST_KEY_UIApplicationSceneManifest_Generation = YES;
				INFOPLIST_KEY_UIApplicationSupportsIndirectInputEvents = YES;
				INFOPLIST_KEY_UILaunchScreen_Generation = YES;
				INFOPLIST_KEY_UISupportedInterfaceOrientations_iPad = "UIInterfaceOrientationPortrait UIInterfaceOrientationPortraitUpsideDown UIInterfaceOrientationLandscapeLeft UIInterfaceOrientationLandscapeRight";
				INFOPLIST_KEY_UISupportedInterfaceOrientations_iPhone = "UIInterfaceOrientationPortrait UIInterfaceOrientationLandscapeLeft UIInterfaceOrientationLandscapeRight";
				LD_RUNPATH_SEARCH_PATHS = (
					"$(inherited)",
					"@executable_path/Frameworks",
				);
				MARKETING_VERSION = 1.0;
				PRODUCT_BUNDLE_IDENTIFIER = com.ocean.SwiftyScience;
				PRODUCT_NAME = "$(TARGET_NAME)";
				SWIFT_EMIT_LOC_STRINGS = YES;
				SWIFT_VERSION = 5.0;
				TARGETED_DEVICE_FAMILY = "1,2";
			};
			name = Release;
		};
/* End XCBuildConfiguration section */

/* Begin XCConfigurationList section */
		548EE16F299F3DB70029A3EB /* Build configuration list for PBXProject "SwiftyScience" */ = {
			isa = XCConfigurationList;
			buildConfigurations = (
				548EE180299F3DB80029A3EB /* Debug */,
				548EE181299F3DB80029A3EB /* Release */,
			);
			defaultConfigurationIsVisible = 0;
			defaultConfigurationName = Release;
		};
		548EE182299F3DB80029A3EB /* Build configuration list for PBXNativeTarget "SwiftyScience" */ = {
			isa = XCConfigurationList;
			buildConfigurations = (
				548EE183299F3DB80029A3EB /* Debug */,
				548EE184299F3DB80029A3EB /* Release */,
			);
			defaultConfigurationIsVisible = 0;
			defaultConfigurationName = Release;
		};
/* End XCConfigurationList section */

/* Begin XCRemoteSwiftPackageReference section */
		548BB2FB29A0B31A00899AD6 /* XCRemoteSwiftPackageReference "MathExpression" */ = {
			isa = XCRemoteSwiftPackageReference;
			repositoryURL = "https://github.com/peredaniel/MathExpression.git";
			requirement = {
				kind = upToNextMajorVersion;
				minimumVersion = 1.0.0;
			};
		};
/* End XCRemoteSwiftPackageReference section */

/* Begin XCSwiftPackageProductDependency section */
		548BB2FC29A0B31A00899AD6 /* MathExpression */ = {
			isa = XCSwiftPackageProductDependency;
			package = 548BB2FB29A0B31A00899AD6 /* XCRemoteSwiftPackageReference "MathExpression" */;
			productName = MathExpression;
		};
/* End XCSwiftPackageProductDependency section */
	};
	rootObject = 548EE16C299F3DB70029A3EB /* Project object */;
}
